// !$*UTF8*$!
{
	archiveVersion = 1;
	classes = {
	};
	objectVersion = 56;
	objects = {

/* Begin PBXBuildFile section */
		3B4B26062C1C9764003246D2 /* ToDo_AppApp.swift in Sources */ = {isa = PBXBuildFile; fileRef = 3B4B26052C1C9764003246D2 /* ToDo_AppApp.swift */; };
		3B4B26082C1C9764003246D2 /* TodoItemList.swift in Sources */ = {isa = PBXBuildFile; fileRef = 3B4B26072C1C9764003246D2 /* TodoItemList.swift */; };
		3B4B260A2C1C9766003246D2 /* Assets.xcassets in Resources */ = {isa = PBXBuildFile; fileRef = 3B4B26092C1C9766003246D2 /* Assets.xcassets */; };
		3B4B260D2C1C9766003246D2 /* Preview Assets.xcassets in Resources */ = {isa = PBXBuildFile; fileRef = 3B4B260C2C1C9766003246D2 /* Preview Assets.xcassets */; };
		3B4B26152C1C9781003246D2 /* TodoItem.swift in Sources */ = {isa = PBXBuildFile; fileRef = 3B4B26142C1C9781003246D2 /* TodoItem.swift */; };
		3B4B26172C1C9AAA003246D2 /* FileCache.swift in Sources */ = {isa = PBXBuildFile; fileRef = 3B4B26162C1C9AAA003246D2 /* FileCache.swift */; };
		3B612D2B2C2AD1970038E696 /* ToDoItemDetailView.swift in Sources */ = {isa = PBXBuildFile; fileRef = 3B612D2A2C2AD1970038E696 /* ToDoItemDetailView.swift */; };
		3B612D2D2C2AD2B90038E696 /* ToDoItemDetailViewModel.swift in Sources */ = {isa = PBXBuildFile; fileRef = 3B612D2C2C2AD2B90038E696 /* ToDoItemDetailViewModel.swift */; };
		3B612D302C2B1A8E0038E696 /* TodoItemListViewModel.swift in Sources */ = {isa = PBXBuildFile; fileRef = 3B612D2F2C2B1A8E0038E696 /* TodoItemListViewModel.swift */; };
		3B612D322C2B1B700038E696 /* DateConverter.swift in Sources */ = {isa = PBXBuildFile; fileRef = 3B612D312C2B1B700038E696 /* DateConverter.swift */; };
		3B612D342C2C48B30038E696 /* RedCircle.swift in Sources */ = {isa = PBXBuildFile; fileRef = 3B612D332C2C48B30038E696 /* RedCircle.swift */; };
		3B612D362C2C6D4F0038E696 /* Constants.swift in Sources */ = {isa = PBXBuildFile; fileRef = 3B612D352C2C6D4F0038E696 /* Constants.swift */; };
		3B73D0152C333DC5005E358D /* TodoListViewController.swift in Sources */ = {isa = PBXBuildFile; fileRef = 3B73D0142C333DC5005E358D /* TodoListViewController.swift */; };
		3B73D0172C333DF7005E358D /* CalendarView.swift in Sources */ = {isa = PBXBuildFile; fileRef = 3B73D0162C333DF7005E358D /* CalendarView.swift */; };
		3B73D01B2C340204005E358D /* DateCell.swift in Sources */ = {isa = PBXBuildFile; fileRef = 3B73D01A2C340204005E358D /* DateCell.swift */; };
		3B73D01D2C340576005E358D /* ViewBuilder.swift in Sources */ = {isa = PBXBuildFile; fileRef = 3B73D01C2C340576005E358D /* ViewBuilder.swift */; };
		3B73D01F2C340593005E358D /* ViewManager.swift in Sources */ = {isa = PBXBuildFile; fileRef = 3B73D01E2C340593005E358D /* ViewManager.swift */; };
		3B73D0212C353F63005E358D /* Builder+CollectionView.swift in Sources */ = {isa = PBXBuildFile; fileRef = 3B73D0202C353F63005E358D /* Builder+CollectionView.swift */; };
		3B73D0242C353FD5005E358D /* Builder+TableView.swift in Sources */ = {isa = PBXBuildFile; fileRef = 3B73D0232C353FD5005E358D /* Builder+TableView.swift */; };
		3B73D0262C3543D9005E358D /* TableSection.swift in Sources */ = {isa = PBXBuildFile; fileRef = 3B73D0252C3543D9005E358D /* TableSection.swift */; };
		3B73D0292C3552CA005E358D /* TodoItemCell.swift in Sources */ = {isa = PBXBuildFile; fileRef = 3B73D0282C3552CA005E358D /* TodoItemCell.swift */; };
		3BBD3E982C257ECF00CFE8F4 /* TodoItemTests.swift in Sources */ = {isa = PBXBuildFile; fileRef = 3BBD3E892C257E7E00CFE8F4 /* TodoItemTests.swift */; };
		3BEBB8122C2D979800AC4C29 /* ToDoItemCell.swift in Sources */ = {isa = PBXBuildFile; fileRef = 3BEBB8112C2D979800AC4C29 /* ToDoItemCell.swift */; };
		3BEBB8142C2D985900AC4C29 /* PlusButton.swift in Sources */ = {isa = PBXBuildFile; fileRef = 3BEBB8132C2D985900AC4C29 /* PlusButton.swift */; };
		3BEBB8162C2DA07900AC4C29 /* CompleteCircle.swift in Sources */ = {isa = PBXBuildFile; fileRef = 3BEBB8152C2DA07900AC4C29 /* CompleteCircle.swift */; };
		3BEBB8182C2DA34D00AC4C29 /* DefaultCircle.swift in Sources */ = {isa = PBXBuildFile; fileRef = 3BEBB8172C2DA34D00AC4C29 /* DefaultCircle.swift */; };
		3BEBB81A2C2DE38900AC4C29 /* ToDoItem+JSONparser.swift in Sources */ = {isa = PBXBuildFile; fileRef = 3BEBB8192C2DE38900AC4C29 /* ToDoItem+JSONparser.swift */; };
		3BEBB81C2C2DE40B00AC4C29 /* ToDoItem+CSVparser.swift in Sources */ = {isa = PBXBuildFile; fileRef = 3BEBB81B2C2DE40B00AC4C29 /* ToDoItem+CSVparser.swift */; };
		3BEBB86B2C2EE4EA00AC4C29 /* ColorPickerView.swift in Sources */ = {isa = PBXBuildFile; fileRef = 3BEBB86A2C2EE4EA00AC4C29 /* ColorPickerView.swift */; };
		3BEBB86D2C2EF66900AC4C29 /* Color+hex.swift in Sources */ = {isa = PBXBuildFile; fileRef = 3BEBB86C2C2EF66900AC4C29 /* Color+hex.swift */; };
		3BF577EC2C3805F0003DD351 /* ItemCategory.swift in Sources */ = {isa = PBXBuildFile; fileRef = 3BF577EB2C3805F0003DD351 /* ItemCategory.swift */; };
		3BF577EE2C38065B003DD351 /* AddCategoryView.swift in Sources */ = {isa = PBXBuildFile; fileRef = 3BF577ED2C38065B003DD351 /* AddCategoryView.swift */; };
		3BF577F02C38073A003DD351 /* CustomCategory.swift in Sources */ = {isa = PBXBuildFile; fileRef = 3BF577EF2C38073A003DD351 /* CustomCategory.swift */; };
		3BF577F22C380830003DD351 /* AddCategoryViewModel.swift in Sources */ = {isa = PBXBuildFile; fileRef = 3BF577F12C380830003DD351 /* AddCategoryViewModel.swift */; };
		3BF577F72C3811EE003DD351 /* DefaultCategory.swift in Sources */ = {isa = PBXBuildFile; fileRef = 3BF577F62C3811EE003DD351 /* DefaultCategory.swift */; };
/* End PBXBuildFile section */

/* Begin PBXContainerItemProxy section */
		3BBD3E932C257EC700CFE8F4 /* PBXContainerItemProxy */ = {
			isa = PBXContainerItemProxy;
			containerPortal = 3B4B25FA2C1C9764003246D2 /* Project object */;
			proxyType = 1;
			remoteGlobalIDString = 3B4B26012C1C9764003246D2;
			remoteInfo = "ToDo App";
		};
/* End PBXContainerItemProxy section */

/* Begin PBXFileReference section */
		3B4B26022C1C9764003246D2 /* ToDo App.app */ = {isa = PBXFileReference; explicitFileType = wrapper.application; includeInIndex = 0; path = "ToDo App.app"; sourceTree = BUILT_PRODUCTS_DIR; };
		3B4B26052C1C9764003246D2 /* ToDo_AppApp.swift */ = {isa = PBXFileReference; lastKnownFileType = sourcecode.swift; path = ToDo_AppApp.swift; sourceTree = "<group>"; };
		3B4B26072C1C9764003246D2 /* TodoItemList.swift */ = {isa = PBXFileReference; lastKnownFileType = sourcecode.swift; path = TodoItemList.swift; sourceTree = "<group>"; };
		3B4B26092C1C9766003246D2 /* Assets.xcassets */ = {isa = PBXFileReference; lastKnownFileType = folder.assetcatalog; path = Assets.xcassets; sourceTree = "<group>"; };
		3B4B260C2C1C9766003246D2 /* Preview Assets.xcassets */ = {isa = PBXFileReference; lastKnownFileType = folder.assetcatalog; path = "Preview Assets.xcassets"; sourceTree = "<group>"; };
		3B4B26142C1C9781003246D2 /* TodoItem.swift */ = {isa = PBXFileReference; lastKnownFileType = sourcecode.swift; path = TodoItem.swift; sourceTree = "<group>"; };
		3B4B26162C1C9AAA003246D2 /* FileCache.swift */ = {isa = PBXFileReference; lastKnownFileType = sourcecode.swift; path = FileCache.swift; sourceTree = "<group>"; };
		3B612D2A2C2AD1970038E696 /* ToDoItemDetailView.swift */ = {isa = PBXFileReference; lastKnownFileType = sourcecode.swift; path = ToDoItemDetailView.swift; sourceTree = "<group>"; };
		3B612D2C2C2AD2B90038E696 /* ToDoItemDetailViewModel.swift */ = {isa = PBXFileReference; lastKnownFileType = sourcecode.swift; path = ToDoItemDetailViewModel.swift; sourceTree = "<group>"; };
		3B612D2F2C2B1A8E0038E696 /* TodoItemListViewModel.swift */ = {isa = PBXFileReference; lastKnownFileType = sourcecode.swift; path = TodoItemListViewModel.swift; sourceTree = "<group>"; };
		3B612D312C2B1B700038E696 /* DateConverter.swift */ = {isa = PBXFileReference; lastKnownFileType = sourcecode.swift; path = DateConverter.swift; sourceTree = "<group>"; };
		3B612D332C2C48B30038E696 /* RedCircle.swift */ = {isa = PBXFileReference; lastKnownFileType = sourcecode.swift; path = RedCircle.swift; sourceTree = "<group>"; };
		3B612D352C2C6D4F0038E696 /* Constants.swift */ = {isa = PBXFileReference; lastKnownFileType = sourcecode.swift; path = Constants.swift; sourceTree = "<group>"; };
		3B73D0142C333DC5005E358D /* TodoListViewController.swift */ = {isa = PBXFileReference; lastKnownFileType = sourcecode.swift; path = TodoListViewController.swift; sourceTree = "<group>"; };
		3B73D0162C333DF7005E358D /* CalendarView.swift */ = {isa = PBXFileReference; lastKnownFileType = sourcecode.swift; path = CalendarView.swift; sourceTree = "<group>"; };
		3B73D01A2C340204005E358D /* DateCell.swift */ = {isa = PBXFileReference; lastKnownFileType = sourcecode.swift; path = DateCell.swift; sourceTree = "<group>"; };
		3B73D01C2C340576005E358D /* ViewBuilder.swift */ = {isa = PBXFileReference; lastKnownFileType = sourcecode.swift; path = ViewBuilder.swift; sourceTree = "<group>"; };
		3B73D01E2C340593005E358D /* ViewManager.swift */ = {isa = PBXFileReference; lastKnownFileType = sourcecode.swift; path = ViewManager.swift; sourceTree = "<group>"; };
		3B73D0202C353F63005E358D /* Builder+CollectionView.swift */ = {isa = PBXFileReference; lastKnownFileType = sourcecode.swift; path = "Builder+CollectionView.swift"; sourceTree = "<group>"; };
		3B73D0232C353FD5005E358D /* Builder+TableView.swift */ = {isa = PBXFileReference; lastKnownFileType = sourcecode.swift; path = "Builder+TableView.swift"; sourceTree = "<group>"; };
		3B73D0252C3543D9005E358D /* TableSection.swift */ = {isa = PBXFileReference; lastKnownFileType = sourcecode.swift; path = TableSection.swift; sourceTree = "<group>"; };
		3B73D0282C3552CA005E358D /* TodoItemCell.swift */ = {isa = PBXFileReference; lastKnownFileType = sourcecode.swift; path = TodoItemCell.swift; sourceTree = "<group>"; };
		3BBD3E892C257E7E00CFE8F4 /* TodoItemTests.swift */ = {isa = PBXFileReference; lastKnownFileType = sourcecode.swift; path = TodoItemTests.swift; sourceTree = "<group>"; };
		3BBD3E8F2C257EC700CFE8F4 /* ToDo AppTests.xctest */ = {isa = PBXFileReference; explicitFileType = wrapper.cfbundle; includeInIndex = 0; path = "ToDo AppTests.xctest"; sourceTree = BUILT_PRODUCTS_DIR; };
		3BEBB8112C2D979800AC4C29 /* ToDoItemCell.swift */ = {isa = PBXFileReference; lastKnownFileType = sourcecode.swift; path = ToDoItemCell.swift; sourceTree = "<group>"; };
		3BEBB8132C2D985900AC4C29 /* PlusButton.swift */ = {isa = PBXFileReference; lastKnownFileType = sourcecode.swift; path = PlusButton.swift; sourceTree = "<group>"; };
		3BEBB8152C2DA07900AC4C29 /* CompleteCircle.swift */ = {isa = PBXFileReference; lastKnownFileType = sourcecode.swift; path = CompleteCircle.swift; sourceTree = "<group>"; };
		3BEBB8172C2DA34D00AC4C29 /* DefaultCircle.swift */ = {isa = PBXFileReference; lastKnownFileType = sourcecode.swift; path = DefaultCircle.swift; sourceTree = "<group>"; };
		3BEBB8192C2DE38900AC4C29 /* ToDoItem+JSONparser.swift */ = {isa = PBXFileReference; lastKnownFileType = sourcecode.swift; path = "ToDoItem+JSONparser.swift"; sourceTree = "<group>"; };
		3BEBB81B2C2DE40B00AC4C29 /* ToDoItem+CSVparser.swift */ = {isa = PBXFileReference; lastKnownFileType = sourcecode.swift; path = "ToDoItem+CSVparser.swift"; sourceTree = "<group>"; };
		3BEBB86A2C2EE4EA00AC4C29 /* ColorPickerView.swift */ = {isa = PBXFileReference; lastKnownFileType = sourcecode.swift; path = ColorPickerView.swift; sourceTree = "<group>"; };
		3BEBB86C2C2EF66900AC4C29 /* Color+hex.swift */ = {isa = PBXFileReference; lastKnownFileType = sourcecode.swift; path = "Color+hex.swift"; sourceTree = "<group>"; };
		3BF577EB2C3805F0003DD351 /* ItemCategory.swift */ = {isa = PBXFileReference; lastKnownFileType = sourcecode.swift; path = ItemCategory.swift; sourceTree = "<group>"; };
		3BF577ED2C38065B003DD351 /* AddCategoryView.swift */ = {isa = PBXFileReference; lastKnownFileType = sourcecode.swift; path = AddCategoryView.swift; sourceTree = "<group>"; };
		3BF577EF2C38073A003DD351 /* CustomCategory.swift */ = {isa = PBXFileReference; lastKnownFileType = sourcecode.swift; path = CustomCategory.swift; sourceTree = "<group>"; };
		3BF577F12C380830003DD351 /* AddCategoryViewModel.swift */ = {isa = PBXFileReference; lastKnownFileType = sourcecode.swift; path = AddCategoryViewModel.swift; sourceTree = "<group>"; };
		3BF577F62C3811EE003DD351 /* DefaultCategory.swift */ = {isa = PBXFileReference; lastKnownFileType = sourcecode.swift; path = DefaultCategory.swift; sourceTree = "<group>"; };
/* End PBXFileReference section */

/* Begin PBXFrameworksBuildPhase section */
		3B4B25FF2C1C9764003246D2 /* Frameworks */ = {
			isa = PBXFrameworksBuildPhase;
			buildActionMask = 2147483647;
			files = (
			);
			runOnlyForDeploymentPostprocessing = 0;
		};
		3BBD3E8C2C257EC700CFE8F4 /* Frameworks */ = {
			isa = PBXFrameworksBuildPhase;
			buildActionMask = 2147483647;
			files = (
			);
			runOnlyForDeploymentPostprocessing = 0;
		};
/* End PBXFrameworksBuildPhase section */

/* Begin PBXGroup section */
		3B21CE642C2EF92200EC24AD /* Components */ = {
			isa = PBXGroup;
			children = (
				3BEBB86A2C2EE4EA00AC4C29 /* ColorPickerView.swift */,
			);
			path = Components;
			sourceTree = "<group>";
		};
		3B3C8DE52C37130E006D0E36 /* Controllers */ = {
			isa = PBXGroup;
			children = (
				3B73D0142C333DC5005E358D /* TodoListViewController.swift */,
			);
			path = Controllers;
			sourceTree = "<group>";
		};
		3B4B25F92C1C9764003246D2 = {
			isa = PBXGroup;
			children = (
				3B4B26042C1C9764003246D2 /* ToDo App */,
				3BBD3E902C257EC700CFE8F4 /* ToDo AppTests */,
				3B4B26032C1C9764003246D2 /* Products */,
			);
			sourceTree = "<group>";
		};
		3B4B26032C1C9764003246D2 /* Products */ = {
			isa = PBXGroup;
			children = (
				3B4B26022C1C9764003246D2 /* ToDo App.app */,
				3BBD3E8F2C257EC700CFE8F4 /* ToDo AppTests.xctest */,
			);
			name = Products;
			sourceTree = "<group>";
		};
		3B4B26042C1C9764003246D2 /* ToDo App */ = {
			isa = PBXGroup;
			children = (
				3BBD3E842C24CBE800CFE8F4 /* App */,
				3BF577F52C38092B003DD351 /* Category */,
				3B73D0132C333DA1005E358D /* CalendarList */,
				3BBD3E862C24CC0F00CFE8F4 /* ItemsList */,
				3B612D2E2C2AD2C20038E696 /* ItemDetail */,
				3BEDCCFA2C259A8F006129A7 /* Services */,
				3BBD3E832C24CBD300CFE8F4 /* Extensions */,
				3BEBB80D2C2D96F800AC4C29 /* Helpers */,
				3B4B26092C1C9766003246D2 /* Assets.xcassets */,
				3B4B260B2C1C9766003246D2 /* Preview Content */,
			);
			path = "ToDo App";
			sourceTree = "<group>";
		};
		3B4B260B2C1C9766003246D2 /* Preview Content */ = {
			isa = PBXGroup;
			children = (
				3B4B260C2C1C9766003246D2 /* Preview Assets.xcassets */,
			);
			path = "Preview Content";
			sourceTree = "<group>";
		};
		3B612D2E2C2AD2C20038E696 /* ItemDetail */ = {
			isa = PBXGroup;
			children = (
				3BEBB80E2C2D970A00AC4C29 /* Views */,
				3BEBB80F2C2D971000AC4C29 /* ViewModels */,
			);
			path = ItemDetail;
			sourceTree = "<group>";
		};
		3B73D0132C333DA1005E358D /* CalendarList */ = {
			isa = PBXGroup;
			children = (
				3B73D0192C333E53005E358D /* SUIViews */,
				3B73D02A2C35A7B8005E358D /* UIKitViews */,
			);
			path = CalendarList;
			sourceTree = "<group>";
		};
		3B73D0192C333E53005E358D /* SUIViews */ = {
			isa = PBXGroup;
			children = (
				3B73D0162C333DF7005E358D /* CalendarView.swift */,
			);
			path = SUIViews;
			sourceTree = "<group>";
		};
		3B73D0272C3552BD005E358D /* Cells */ = {
			isa = PBXGroup;
			children = (
				3B73D01A2C340204005E358D /* DateCell.swift */,
				3B73D0282C3552CA005E358D /* TodoItemCell.swift */,
			);
			path = Cells;
			sourceTree = "<group>";
		};
		3B73D02A2C35A7B8005E358D /* UIKitViews */ = {
			isa = PBXGroup;
			children = (
				3B3C8DE52C37130E006D0E36 /* Controllers */,
				3B73D0272C3552BD005E358D /* Cells */,
				3B73D01C2C340576005E358D /* ViewBuilder.swift */,
				3B73D01E2C340593005E358D /* ViewManager.swift */,
				3B73D02B2C35A97E005E358D /* Extensions */,
				3B73D02C2C35A98F005E358D /* Models */,
			);
			path = UIKitViews;
			sourceTree = "<group>";
		};
		3B73D02B2C35A97E005E358D /* Extensions */ = {
			isa = PBXGroup;
			children = (
				3B73D0202C353F63005E358D /* Builder+CollectionView.swift */,
				3B73D0232C353FD5005E358D /* Builder+TableView.swift */,
			);
			path = Extensions;
			sourceTree = "<group>";
		};
		3B73D02C2C35A98F005E358D /* Models */ = {
			isa = PBXGroup;
			children = (
				3B73D0252C3543D9005E358D /* TableSection.swift */,
			);
			path = Models;
			sourceTree = "<group>";
		};
		3BBD3E832C24CBD300CFE8F4 /* Extensions */ = {
			isa = PBXGroup;
			children = (
				3BEBB8192C2DE38900AC4C29 /* ToDoItem+JSONparser.swift */,
				3BEBB81B2C2DE40B00AC4C29 /* ToDoItem+CSVparser.swift */,
				3BEBB86C2C2EF66900AC4C29 /* Color+hex.swift */,
			);
			path = Extensions;
			sourceTree = "<group>";
		};
		3BBD3E842C24CBE800CFE8F4 /* App */ = {
			isa = PBXGroup;
			children = (
				3B4B26052C1C9764003246D2 /* ToDo_AppApp.swift */,
			);
			path = App;
			sourceTree = "<group>";
		};
		3BBD3E862C24CC0F00CFE8F4 /* ItemsList */ = {
			isa = PBXGroup;
			children = (
				3BEBB8102C2D972A00AC4C29 /* Model */,
				3BEBB80A2C2D96C500AC4C29 /* View */,
				3BEBB80C2C2D96DF00AC4C29 /* ViewModels */,
			);
			path = ItemsList;
			sourceTree = "<group>";
		};
		3BBD3E902C257EC700CFE8F4 /* ToDo AppTests */ = {
			isa = PBXGroup;
			children = (
				3BBD3E892C257E7E00CFE8F4 /* TodoItemTests.swift */,
			);
			path = "ToDo AppTests";
			sourceTree = "<group>";
		};
		3BEBB80A2C2D96C500AC4C29 /* View */ = {
			isa = PBXGroup;
			children = (
				3B4B26072C1C9764003246D2 /* TodoItemList.swift */,
				3BEBB80B2C2D96D000AC4C29 /* Components */,
			);
			path = View;
			sourceTree = "<group>";
		};
		3BEBB80B2C2D96D000AC4C29 /* Components */ = {
			isa = PBXGroup;
			children = (
				3BEBB8112C2D979800AC4C29 /* ToDoItemCell.swift */,
				3BEBB8132C2D985900AC4C29 /* PlusButton.swift */,
				3BEBB8682C2ED6DA00AC4C29 /* Circles */,
			);
			path = Components;
			sourceTree = "<group>";
		};
		3BEBB80C2C2D96DF00AC4C29 /* ViewModels */ = {
			isa = PBXGroup;
			children = (
				3B612D2F2C2B1A8E0038E696 /* TodoItemListViewModel.swift */,
			);
			path = ViewModels;
			sourceTree = "<group>";
		};
		3BEBB80D2C2D96F800AC4C29 /* Helpers */ = {
			isa = PBXGroup;
			children = (
				3B612D352C2C6D4F0038E696 /* Constants.swift */,
			);
			path = Helpers;
			sourceTree = "<group>";
		};
		3BEBB80E2C2D970A00AC4C29 /* Views */ = {
			isa = PBXGroup;
			children = (
				3B612D2A2C2AD1970038E696 /* ToDoItemDetailView.swift */,
				3B21CE642C2EF92200EC24AD /* Components */,
			);
			path = Views;
			sourceTree = "<group>";
		};
		3BEBB80F2C2D971000AC4C29 /* ViewModels */ = {
			isa = PBXGroup;
			children = (
				3B612D2C2C2AD2B90038E696 /* ToDoItemDetailViewModel.swift */,
			);
			path = ViewModels;
			sourceTree = "<group>";
		};
		3BEBB8102C2D972A00AC4C29 /* Model */ = {
			isa = PBXGroup;
			children = (
				3B4B26142C1C9781003246D2 /* TodoItem.swift */,
			);
			path = Model;
			sourceTree = "<group>";
		};
		3BEBB8682C2ED6DA00AC4C29 /* Circles */ = {
			isa = PBXGroup;
			children = (
				3BEBB8152C2DA07900AC4C29 /* CompleteCircle.swift */,
				3BEBB8172C2DA34D00AC4C29 /* DefaultCircle.swift */,
				3B612D332C2C48B30038E696 /* RedCircle.swift */,
			);
			path = Circles;
			sourceTree = "<group>";
		};
		3BEDCCFA2C259A8F006129A7 /* Services */ = {
			isa = PBXGroup;
			children = (
				3B612D312C2B1B700038E696 /* DateConverter.swift */,
				3B4B26162C1C9AAA003246D2 /* FileCache.swift */,
			);
			path = Services;
			sourceTree = "<group>";
		};
		3BF577F52C38092B003DD351 /* Category */ = {
			isa = PBXGroup;
			children = (
				3BF577F82C382B9F003DD351 /* View */,
				3BF577F92C382BC4003DD351 /* ViewModel */,
				3BF577FA2C382BEC003DD351 /* Models */,
			);
			path = Category;
			sourceTree = "<group>";
		};
		3BF577F82C382B9F003DD351 /* View */ = {
			isa = PBXGroup;
			children = (
				3BF577ED2C38065B003DD351 /* AddCategoryView.swift */,
			);
			path = View;
			sourceTree = "<group>";
		};
		3BF577F92C382BC4003DD351 /* ViewModel */ = {
			isa = PBXGroup;
			children = (
				3BF577F12C380830003DD351 /* AddCategoryViewModel.swift */,
			);
			path = ViewModel;
			sourceTree = "<group>";
		};
		3BF577FA2C382BEC003DD351 /* Models */ = {
			isa = PBXGroup;
			children = (
				3BF577EF2C38073A003DD351 /* CustomCategory.swift */,
				3BF577F62C3811EE003DD351 /* DefaultCategory.swift */,
				3BF577EB2C3805F0003DD351 /* ItemCategory.swift */,
			);
			path = Models;
			sourceTree = "<group>";
		};
/* End PBXGroup section */

/* Begin PBXNativeTarget section */
		3B4B26012C1C9764003246D2 /* ToDo App */ = {
			isa = PBXNativeTarget;
			buildConfigurationList = 3B4B26102C1C9766003246D2 /* Build configuration list for PBXNativeTarget "ToDo App" */;
			buildPhases = (
				3B4B25FE2C1C9764003246D2 /* Sources */,
				3B4B25FF2C1C9764003246D2 /* Frameworks */,
				3B4B26002C1C9764003246D2 /* Resources */,
			);
			buildRules = (
			);
			dependencies = (
			);
			name = "ToDo App";
			productName = "ToDo App";
			productReference = 3B4B26022C1C9764003246D2 /* ToDo App.app */;
			productType = "com.apple.product-type.application";
		};
		3BBD3E8E2C257EC700CFE8F4 /* ToDo AppTests */ = {
			isa = PBXNativeTarget;
			buildConfigurationList = 3BBD3E952C257EC700CFE8F4 /* Build configuration list for PBXNativeTarget "ToDo AppTests" */;
			buildPhases = (
				3BBD3E8B2C257EC700CFE8F4 /* Sources */,
				3BBD3E8C2C257EC700CFE8F4 /* Frameworks */,
				3BBD3E8D2C257EC700CFE8F4 /* Resources */,
			);
			buildRules = (
			);
			dependencies = (
				3BBD3E942C257EC700CFE8F4 /* PBXTargetDependency */,
			);
			name = "ToDo AppTests";
			productName = "ToDo AppTests";
			productReference = 3BBD3E8F2C257EC700CFE8F4 /* ToDo AppTests.xctest */;
			productType = "com.apple.product-type.bundle.unit-test";
		};
/* End PBXNativeTarget section */

/* Begin PBXProject section */
		3B4B25FA2C1C9764003246D2 /* Project object */ = {
			isa = PBXProject;
			attributes = {
				BuildIndependentTargetsInParallel = 1;
				LastSwiftUpdateCheck = 1530;
				LastUpgradeCheck = 1530;
				TargetAttributes = {
					3B4B26012C1C9764003246D2 = {
						CreatedOnToolsVersion = 15.3;
					};
					3BBD3E8E2C257EC700CFE8F4 = {
						CreatedOnToolsVersion = 15.3;
						TestTargetID = 3B4B26012C1C9764003246D2;
					};
				};
			};
			buildConfigurationList = 3B4B25FD2C1C9764003246D2 /* Build configuration list for PBXProject "ToDo App" */;
			compatibilityVersion = "Xcode 14.0";
			developmentRegion = en;
			hasScannedForEncodings = 0;
			knownRegions = (
				en,
				Base,
				ru,
			);
			mainGroup = 3B4B25F92C1C9764003246D2;
			productRefGroup = 3B4B26032C1C9764003246D2 /* Products */;
			projectDirPath = "";
			projectRoot = "";
			targets = (
				3B4B26012C1C9764003246D2 /* ToDo App */,
				3BBD3E8E2C257EC700CFE8F4 /* ToDo AppTests */,
			);
		};
/* End PBXProject section */

/* Begin PBXResourcesBuildPhase section */
		3B4B26002C1C9764003246D2 /* Resources */ = {
			isa = PBXResourcesBuildPhase;
			buildActionMask = 2147483647;
			files = (
				3B4B260D2C1C9766003246D2 /* Preview Assets.xcassets in Resources */,
				3B4B260A2C1C9766003246D2 /* Assets.xcassets in Resources */,
			);
			runOnlyForDeploymentPostprocessing = 0;
		};
		3BBD3E8D2C257EC700CFE8F4 /* Resources */ = {
			isa = PBXResourcesBuildPhase;
			buildActionMask = 2147483647;
			files = (
			);
			runOnlyForDeploymentPostprocessing = 0;
		};
/* End PBXResourcesBuildPhase section */

/* Begin PBXSourcesBuildPhase section */
		3B4B25FE2C1C9764003246D2 /* Sources */ = {
			isa = PBXSourcesBuildPhase;
			buildActionMask = 2147483647;
			files = (
				3BEBB8162C2DA07900AC4C29 /* CompleteCircle.swift in Sources */,
				3B73D0172C333DF7005E358D /* CalendarView.swift in Sources */,
				3B4B26082C1C9764003246D2 /* TodoItemList.swift in Sources */,
				3B612D362C2C6D4F0038E696 /* Constants.swift in Sources */,
				3BEBB86B2C2EE4EA00AC4C29 /* ColorPickerView.swift in Sources */,
				3B612D342C2C48B30038E696 /* RedCircle.swift in Sources */,
				3B73D0212C353F63005E358D /* Builder+CollectionView.swift in Sources */,
				3BF577F22C380830003DD351 /* AddCategoryViewModel.swift in Sources */,
				3B73D0262C3543D9005E358D /* TableSection.swift in Sources */,
				3B612D322C2B1B700038E696 /* DateConverter.swift in Sources */,
				3B73D0242C353FD5005E358D /* Builder+TableView.swift in Sources */,
				3B4B26152C1C9781003246D2 /* TodoItem.swift in Sources */,
				3BEBB8182C2DA34D00AC4C29 /* DefaultCircle.swift in Sources */,
				3BEBB8122C2D979800AC4C29 /* ToDoItemCell.swift in Sources */,
				3B73D01D2C340576005E358D /* ViewBuilder.swift in Sources */,
				3B73D01F2C340593005E358D /* ViewManager.swift in Sources */,
				3B612D302C2B1A8E0038E696 /* TodoItemListViewModel.swift in Sources */,
				3B4B26172C1C9AAA003246D2 /* FileCache.swift in Sources */,
				3BEBB81A2C2DE38900AC4C29 /* ToDoItem+JSONparser.swift in Sources */,
				3BF577F72C3811EE003DD351 /* DefaultCategory.swift in Sources */,
				3BF577F02C38073A003DD351 /* CustomCategory.swift in Sources */,
				3BF577EE2C38065B003DD351 /* AddCategoryView.swift in Sources */,
				3B73D01B2C340204005E358D /* DateCell.swift in Sources */,
				3B612D2B2C2AD1970038E696 /* ToDoItemDetailView.swift in Sources */,
				3BEBB81C2C2DE40B00AC4C29 /* ToDoItem+CSVparser.swift in Sources */,
				3B4B26062C1C9764003246D2 /* ToDo_AppApp.swift in Sources */,
				3B73D0292C3552CA005E358D /* TodoItemCell.swift in Sources */,
				3B73D0152C333DC5005E358D /* TodoListViewController.swift in Sources */,
				3BEBB86D2C2EF66900AC4C29 /* Color+hex.swift in Sources */,
				3B612D2D2C2AD2B90038E696 /* ToDoItemDetailViewModel.swift in Sources */,
				3BEBB8142C2D985900AC4C29 /* PlusButton.swift in Sources */,
				3BF577EC2C3805F0003DD351 /* ItemCategory.swift in Sources */,
			);
			runOnlyForDeploymentPostprocessing = 0;
		};
		3BBD3E8B2C257EC700CFE8F4 /* Sources */ = {
			isa = PBXSourcesBuildPhase;
			buildActionMask = 2147483647;
			files = (
				3BBD3E982C257ECF00CFE8F4 /* TodoItemTests.swift in Sources */,
			);
			runOnlyForDeploymentPostprocessing = 0;
		};
/* End PBXSourcesBuildPhase section */

/* Begin PBXTargetDependency section */
		3BBD3E942C257EC700CFE8F4 /* PBXTargetDependency */ = {
			isa = PBXTargetDependency;
			target = 3B4B26012C1C9764003246D2 /* ToDo App */;
			targetProxy = 3BBD3E932C257EC700CFE8F4 /* PBXContainerItemProxy */;
		};
/* End PBXTargetDependency section */

/* Begin XCBuildConfiguration section */
		3B4B260E2C1C9766003246D2 /* Debug */ = {
			isa = XCBuildConfiguration;
			buildSettings = {
				ALWAYS_SEARCH_USER_PATHS = NO;
				ASSETCATALOG_COMPILER_GENERATE_SWIFT_ASSET_SYMBOL_EXTENSIONS = YES;
				CLANG_ANALYZER_NONNULL = YES;
				CLANG_ANALYZER_NUMBER_OBJECT_CONVERSION = YES_AGGRESSIVE;
				CLANG_CXX_LANGUAGE_STANDARD = "gnu++20";
				CLANG_ENABLE_MODULES = YES;
				CLANG_ENABLE_OBJC_ARC = YES;
				CLANG_ENABLE_OBJC_WEAK = YES;
				CLANG_WARN_BLOCK_CAPTURE_AUTORELEASING = YES;
				CLANG_WARN_BOOL_CONVERSION = YES;
				CLANG_WARN_COMMA = YES;
				CLANG_WARN_CONSTANT_CONVERSION = YES;
				CLANG_WARN_DEPRECATED_OBJC_IMPLEMENTATIONS = YES;
				CLANG_WARN_DIRECT_OBJC_ISA_USAGE = YES_ERROR;
				CLANG_WARN_DOCUMENTATION_COMMENTS = YES;
				CLANG_WARN_EMPTY_BODY = YES;
				CLANG_WARN_ENUM_CONVERSION = YES;
				CLANG_WARN_INFINITE_RECURSION = YES;
				CLANG_WARN_INT_CONVERSION = YES;
				CLANG_WARN_NON_LITERAL_NULL_CONVERSION = YES;
				CLANG_WARN_OBJC_IMPLICIT_RETAIN_SELF = YES;
				CLANG_WARN_OBJC_LITERAL_CONVERSION = YES;
				CLANG_WARN_OBJC_ROOT_CLASS = YES_ERROR;
				CLANG_WARN_QUOTED_INCLUDE_IN_FRAMEWORK_HEADER = YES;
				CLANG_WARN_RANGE_LOOP_ANALYSIS = YES;
				CLANG_WARN_STRICT_PROTOTYPES = YES;
				CLANG_WARN_SUSPICIOUS_MOVE = YES;
				CLANG_WARN_UNGUARDED_AVAILABILITY = YES_AGGRESSIVE;
				CLANG_WARN_UNREACHABLE_CODE = YES;
				CLANG_WARN__DUPLICATE_METHOD_MATCH = YES;
				COPY_PHASE_STRIP = NO;
				DEBUG_INFORMATION_FORMAT = dwarf;
				ENABLE_STRICT_OBJC_MSGSEND = YES;
				ENABLE_TESTABILITY = YES;
				ENABLE_USER_SCRIPT_SANDBOXING = YES;
				GCC_C_LANGUAGE_STANDARD = gnu17;
				GCC_DYNAMIC_NO_PIC = NO;
				GCC_NO_COMMON_BLOCKS = YES;
				GCC_OPTIMIZATION_LEVEL = 0;
				GCC_PREPROCESSOR_DEFINITIONS = (
					"DEBUG=1",
					"$(inherited)",
				);
				GCC_WARN_64_TO_32_BIT_CONVERSION = YES;
				GCC_WARN_ABOUT_RETURN_TYPE = YES_ERROR;
				GCC_WARN_UNDECLARED_SELECTOR = YES;
				GCC_WARN_UNINITIALIZED_AUTOS = YES_AGGRESSIVE;
				GCC_WARN_UNUSED_FUNCTION = YES;
				GCC_WARN_UNUSED_VARIABLE = YES;
				IPHONEOS_DEPLOYMENT_TARGET = 17.4;
				LOCALIZATION_PREFERS_STRING_CATALOGS = YES;
				MTL_ENABLE_DEBUG_INFO = INCLUDE_SOURCE;
				MTL_FAST_MATH = YES;
				ONLY_ACTIVE_ARCH = YES;
				SDKROOT = iphoneos;
				SWIFT_ACTIVE_COMPILATION_CONDITIONS = "DEBUG $(inherited)";
				SWIFT_OPTIMIZATION_LEVEL = "-Onone";
			};
			name = Debug;
		};
		3B4B260F2C1C9766003246D2 /* Release */ = {
			isa = XCBuildConfiguration;
			buildSettings = {
				ALWAYS_SEARCH_USER_PATHS = NO;
				ASSETCATALOG_COMPILER_GENERATE_SWIFT_ASSET_SYMBOL_EXTENSIONS = YES;
				CLANG_ANALYZER_NONNULL = YES;
				CLANG_ANALYZER_NUMBER_OBJECT_CONVERSION = YES_AGGRESSIVE;
				CLANG_CXX_LANGUAGE_STANDARD = "gnu++20";
				CLANG_ENABLE_MODULES = YES;
				CLANG_ENABLE_OBJC_ARC = YES;
				CLANG_ENABLE_OBJC_WEAK = YES;
				CLANG_WARN_BLOCK_CAPTURE_AUTORELEASING = YES;
				CLANG_WARN_BOOL_CONVERSION = YES;
				CLANG_WARN_COMMA = YES;
				CLANG_WARN_CONSTANT_CONVERSION = YES;
				CLANG_WARN_DEPRECATED_OBJC_IMPLEMENTATIONS = YES;
				CLANG_WARN_DIRECT_OBJC_ISA_USAGE = YES_ERROR;
				CLANG_WARN_DOCUMENTATION_COMMENTS = YES;
				CLANG_WARN_EMPTY_BODY = YES;
				CLANG_WARN_ENUM_CONVERSION = YES;
				CLANG_WARN_INFINITE_RECURSION = YES;
				CLANG_WARN_INT_CONVERSION = YES;
				CLANG_WARN_NON_LITERAL_NULL_CONVERSION = YES;
				CLANG_WARN_OBJC_IMPLICIT_RETAIN_SELF = YES;
				CLANG_WARN_OBJC_LITERAL_CONVERSION = YES;
				CLANG_WARN_OBJC_ROOT_CLASS = YES_ERROR;
				CLANG_WARN_QUOTED_INCLUDE_IN_FRAMEWORK_HEADER = YES;
				CLANG_WARN_RANGE_LOOP_ANALYSIS = YES;
				CLANG_WARN_STRICT_PROTOTYPES = YES;
				CLANG_WARN_SUSPICIOUS_MOVE = YES;
				CLANG_WARN_UNGUARDED_AVAILABILITY = YES_AGGRESSIVE;
				CLANG_WARN_UNREACHABLE_CODE = YES;
				CLANG_WARN__DUPLICATE_METHOD_MATCH = YES;
				COPY_PHASE_STRIP = NO;
				DEBUG_INFORMATION_FORMAT = "dwarf-with-dsym";
				ENABLE_NS_ASSERTIONS = NO;
				ENABLE_STRICT_OBJC_MSGSEND = YES;
				ENABLE_USER_SCRIPT_SANDBOXING = YES;
				GCC_C_LANGUAGE_STANDARD = gnu17;
				GCC_NO_COMMON_BLOCKS = YES;
				GCC_WARN_64_TO_32_BIT_CONVERSION = YES;
				GCC_WARN_ABOUT_RETURN_TYPE = YES_ERROR;
				GCC_WARN_UNDECLARED_SELECTOR = YES;
				GCC_WARN_UNINITIALIZED_AUTOS = YES_AGGRESSIVE;
				GCC_WARN_UNUSED_FUNCTION = YES;
				GCC_WARN_UNUSED_VARIABLE = YES;
				IPHONEOS_DEPLOYMENT_TARGET = 17.4;
				LOCALIZATION_PREFERS_STRING_CATALOGS = YES;
				MTL_ENABLE_DEBUG_INFO = NO;
				MTL_FAST_MATH = YES;
				SDKROOT = iphoneos;
				SWIFT_COMPILATION_MODE = wholemodule;
				VALIDATE_PRODUCT = YES;
			};
			name = Release;
		};
		3B4B26112C1C9766003246D2 /* Debug */ = {
			isa = XCBuildConfiguration;
			buildSettings = {
				ASSETCATALOG_COMPILER_APPICON_NAME = AppIcon;
				ASSETCATALOG_COMPILER_GLOBAL_ACCENT_COLOR_NAME = AccentColor;
				CODE_SIGN_STYLE = Automatic;
				CURRENT_PROJECT_VERSION = 1;
				DEVELOPMENT_ASSET_PATHS = "\"ToDo App/Preview Content\"";
				DEVELOPMENT_TEAM = 5KT477LB69;
				ENABLE_PREVIEWS = YES;
				GENERATE_INFOPLIST_FILE = YES;
				INFOPLIST_KEY_UIApplicationSceneManifest_Generation = YES;
				INFOPLIST_KEY_UIApplicationSupportsIndirectInputEvents = YES;
				INFOPLIST_KEY_UILaunchScreen_Generation = YES;
				INFOPLIST_KEY_UISupportedInterfaceOrientations = "UIInterfaceOrientationLandscapeLeft UIInterfaceOrientationLandscapeRight UIInterfaceOrientationPortrait";
				IPHONEOS_DEPLOYMENT_TARGET = 16.0;
				LD_RUNPATH_SEARCH_PATHS = (
					"$(inherited)",
					"@executable_path/Frameworks",
				);
				MARKETING_VERSION = 1.0;
				PRODUCT_BUNDLE_IDENTIFIER = "com.mirsait.sabirzyanov.ToDo-App";
				PRODUCT_NAME = "$(TARGET_NAME)";
				SUPPORTED_PLATFORMS = "iphoneos iphonesimulator";
				SUPPORTS_MACCATALYST = NO;
				SUPPORTS_MAC_DESIGNED_FOR_IPHONE_IPAD = NO;
				SUPPORTS_XR_DESIGNED_FOR_IPHONE_IPAD = NO;
				SWIFT_EMIT_LOC_STRINGS = YES;
				SWIFT_VERSION = 5.0;
				TARGETED_DEVICE_FAMILY = "1,2";
			};
			name = Debug;
		};
		3B4B26122C1C9766003246D2 /* Release */ = {
			isa = XCBuildConfiguration;
			buildSettings = {
				ASSETCATALOG_COMPILER_APPICON_NAME = AppIcon;
				ASSETCATALOG_COMPILER_GLOBAL_ACCENT_COLOR_NAME = AccentColor;
				CODE_SIGN_STYLE = Automatic;
				CURRENT_PROJECT_VERSION = 1;
				DEVELOPMENT_ASSET_PATHS = "\"ToDo App/Preview Content\"";
				DEVELOPMENT_TEAM = 5KT477LB69;
				ENABLE_PREVIEWS = YES;
				GENERATE_INFOPLIST_FILE = YES;
				INFOPLIST_KEY_UIApplicationSceneManifest_Generation = YES;
				INFOPLIST_KEY_UIApplicationSupportsIndirectInputEvents = YES;
				INFOPLIST_KEY_UILaunchScreen_Generation = YES;
				INFOPLIST_KEY_UISupportedInterfaceOrientations = "UIInterfaceOrientationLandscapeLeft UIInterfaceOrientationLandscapeRight UIInterfaceOrientationPortrait";
				IPHONEOS_DEPLOYMENT_TARGET = 16.0;
				LD_RUNPATH_SEARCH_PATHS = (
					"$(inherited)",
					"@executable_path/Frameworks",
				);
				MARKETING_VERSION = 1.0;
				PRODUCT_BUNDLE_IDENTIFIER = "com.mirsait.sabirzyanov.ToDo-App";
				PRODUCT_NAME = "$(TARGET_NAME)";
				SUPPORTED_PLATFORMS = "iphoneos iphonesimulator";
				SUPPORTS_MACCATALYST = NO;
				SUPPORTS_MAC_DESIGNED_FOR_IPHONE_IPAD = NO;
				SUPPORTS_XR_DESIGNED_FOR_IPHONE_IPAD = NO;
				SWIFT_EMIT_LOC_STRINGS = YES;
				SWIFT_VERSION = 5.0;
				TARGETED_DEVICE_FAMILY = "1,2";
			};
			name = Release;
		};
		3BBD3E962C257EC700CFE8F4 /* Debug */ = {
			isa = XCBuildConfiguration;
			buildSettings = {
				BUNDLE_LOADER = "$(TEST_HOST)";
				CODE_SIGN_STYLE = Automatic;
				CURRENT_PROJECT_VERSION = 1;
				DEVELOPMENT_TEAM = 5KT477LB69;
				GENERATE_INFOPLIST_FILE = YES;
				MARKETING_VERSION = 1.0;
				PRODUCT_BUNDLE_IDENTIFIER = "com.mirsait.sabirzyanov.ToDo-AppTests";
				PRODUCT_NAME = "$(TARGET_NAME)";
				SWIFT_EMIT_LOC_STRINGS = NO;
				SWIFT_VERSION = 5.0;
				TARGETED_DEVICE_FAMILY = "1,2";
				TEST_HOST = "$(BUILT_PRODUCTS_DIR)/ToDo App.app/$(BUNDLE_EXECUTABLE_FOLDER_PATH)/ToDo App";
			};
			name = Debug;
		};
		3BBD3E972C257EC700CFE8F4 /* Release */ = {
			isa = XCBuildConfiguration;
			buildSettings = {
				BUNDLE_LOADER = "$(TEST_HOST)";
				CODE_SIGN_STYLE = Automatic;
				CURRENT_PROJECT_VERSION = 1;
				DEVELOPMENT_TEAM = 5KT477LB69;
				GENERATE_INFOPLIST_FILE = YES;
				MARKETING_VERSION = 1.0;
				PRODUCT_BUNDLE_IDENTIFIER = "com.mirsait.sabirzyanov.ToDo-AppTests";
				PRODUCT_NAME = "$(TARGET_NAME)";
				SWIFT_EMIT_LOC_STRINGS = NO;
				SWIFT_VERSION = 5.0;
				TARGETED_DEVICE_FAMILY = "1,2";
				TEST_HOST = "$(BUILT_PRODUCTS_DIR)/ToDo App.app/$(BUNDLE_EXECUTABLE_FOLDER_PATH)/ToDo App";
			};
			name = Release;
		};
/* End XCBuildConfiguration section */

/* Begin XCConfigurationList section */
		3B4B25FD2C1C9764003246D2 /* Build configuration list for PBXProject "ToDo App" */ = {
			isa = XCConfigurationList;
			buildConfigurations = (
				3B4B260E2C1C9766003246D2 /* Debug */,
				3B4B260F2C1C9766003246D2 /* Release */,
			);
			defaultConfigurationIsVisible = 0;
			defaultConfigurationName = Release;
		};
		3B4B26102C1C9766003246D2 /* Build configuration list for PBXNativeTarget "ToDo App" */ = {
			isa = XCConfigurationList;
			buildConfigurations = (
				3B4B26112C1C9766003246D2 /* Debug */,
				3B4B26122C1C9766003246D2 /* Release */,
			);
			defaultConfigurationIsVisible = 0;
			defaultConfigurationName = Release;
		};
		3BBD3E952C257EC700CFE8F4 /* Build configuration list for PBXNativeTarget "ToDo AppTests" */ = {
			isa = XCConfigurationList;
			buildConfigurations = (
				3BBD3E962C257EC700CFE8F4 /* Debug */,
				3BBD3E972C257EC700CFE8F4 /* Release */,
			);
			defaultConfigurationIsVisible = 0;
			defaultConfigurationName = Release;
		};
/* End XCConfigurationList section */
	};
	rootObject = 3B4B25FA2C1C9764003246D2 /* Project object */;
}
